{
  "requires": true,
  "lockfileVersion": 1,
  "dependencies": {
    "jwt-decode": {
      "version": "3.1.2",
      "resolved": "https://registry.npmjs.org/jwt-decode/-/jwt-decode-3.1.2.tgz",
      "integrity": "sha512-UfpWE/VZn0iP50d8cz9NrZLM9lSWhcJ+0Gt/nm4by88UL+J1SiKN8/5dkjMmbEzwL2CAe+67GsegCbIKtbp75A=="
    },
    "linear-gradient-parser": {
      "version": "1.1.8",
      "resolved": "https://registry.npmjs.org/linear-gradient-parser/-/linear-gradient-parser-1.1.8.tgz",
      "integrity": "sha512-p7kv4dH4uQf0eO7EeULcE7+xgViS/kHIdsQaah3T4TxGfAWvZR7TX5kkZu2zHyhXlWTLLP6mUwm2fKlD61n7Ag=="
    },
    "react-linear-gradient-picker": {
      "version": "2.0.2",
      "resolved": "https://registry.npmjs.org/react-linear-gradient-picker/-/react-linear-gradient-picker-2.0.2.tgz",
      "integrity": "sha512-5dJ8lIWESPTI/QUCElmv2jOf3Oo9jszRgmMAya06tam2Wjs6oAzyd5krxBRQiIvL/MJOR7d2rH7okySYOYaydw==",
      "requires": {
        "linear-gradient-parser": "^1.1.8"
      }
    }
  }
}
